
Microsoft Visual Studio Solution File, Format Version 12.00
# Visual Studio Version 16
VisualStudioVersion = 16.0.30621.155
MinimumVisualStudioVersion = 10.0.40219.1
Project("{FAE04EC0-301F-11D3-BF4B-00C04F79EFBC}") = "Pong", "Pong\Pong.csproj", "{ECD97E54-3D99-43F3-AA84-00418141DFE8}"
EndProject
Global
	GlobalSection(SolutionConfigurationPlatforms) = preSolution
		Debug|Any CPU = Debug|Any CPU
		Release|Any CPU = Release|Any CPU
	EndGlobalSection
	GlobalSection(ProjectConfigurationPlatforms) = postSolution
		{ECD97E54-3D99-43F3-AA84-00418141DFE8}.Debug|Any CPU.ActiveCfg = Debug|Any CPU
		{ECD97E54-3D99-43F3-AA84-00418141DFE8}.Debug|Any CPU.Build.0 = Debug|Any CPU
		{ECD97E54-3D99-43F3-AA84-00418141DFE8}.Release|Any CPU.ActiveCfg = Release|Any CPU
		{ECD97E54-3D99-43F3-AA84-00418141DFE8}.Release|Any CPU.Build.0 = Release|Any CPU
	EndGlobalSection
	GlobalSection(SolutionProperties) = preSolution
		HideSolutionNode = FALSE
	EndGlobalSection
	GlobalSection(ExtensibilityGlobals) = postSolution
		SolutionGuid = {1240A666-13B1-47FC-93DB-96B51B95526E}
	EndGlobalSection
EndGlobal
